
Microsoft Visual Studio Solution File, Format Version 12.00
# Visual Studio 15
VisualStudioVersion = 15.0.27130.2036
MinimumVisualStudioVersion = 10.0.40219.1
Project("{FAE04EC0-301F-11D3-BF4B-00C04F79EFBC}") = "MyFirstWebApp", "MyFirstWebApp\MyFirstWebApp.csproj", "{5565A887-9F70-456E-B276-D20AB858821E}"
EndProject
Project("{FAE04EC0-301F-11D3-BF4B-00C04F79EFBC}") = "MyFirstChallenge", "..\MyFirstChallenge\MyFirstChallenge\MyFirstChallenge.csproj", "{3C449F69-3E77-48DC-8D89-3F7D27309C05}"
EndProject
Global
	GlobalSection(SolutionConfigurationPlatforms) = preSolution
		Debug|Any CPU = Debug|Any CPU
		Release|Any CPU = Release|Any CPU
	EndGlobalSection
	GlobalSection(ProjectConfigurationPlatforms) = postSolution
		{5565A887-9F70-456E-B276-D20AB858821E}.Debug|Any CPU.ActiveCfg = Debug|Any CPU
		{5565A887-9F70-456E-B276-D20AB858821E}.Debug|Any CPU.Build.0 = Debug|Any CPU
		{5565A887-9F70-456E-B276-D20AB858821E}.Release|Any CPU.ActiveCfg = Release|Any CPU
		{5565A887-9F70-456E-B276-D20AB858821E}.Release|Any CPU.Build.0 = Release|Any CPU
		{3C449F69-3E77-48DC-8D89-3F7D27309C05}.Debug|Any CPU.ActiveCfg = Debug|Any CPU
		{3C449F69-3E77-48DC-8D89-3F7D27309C05}.Debug|Any CPU.Build.0 = Debug|Any CPU
		{3C449F69-3E77-48DC-8D89-3F7D27309C05}.Release|Any CPU.ActiveCfg = Release|Any CPU
		{3C449F69-3E77-48DC-8D89-3F7D27309C05}.Release|Any CPU.Build.0 = Release|Any CPU
	EndGlobalSection
	GlobalSection(SolutionProperties) = preSolution
		HideSolutionNode = FALSE
	EndGlobalSection
	GlobalSection(ExtensibilityGlobals) = postSolution
		SolutionGuid = {C9F89E5E-F8C6-4787-8B05-16FF23095758}
	EndGlobalSection
EndGlobal
